{
  "name": "test",
  "lockfileVersion": 2,
  "requires": true,
  "packages": {
    "": {
      "dependencies": {
        "abrequire": "^0.0.4"
      }
    },
    "node_modules/abrequire": {
      "version": "0.0.4",
      "resolved": "https://registry.npmjs.org/abrequire/-/abrequire-0.0.4.tgz",
      "integrity": "sha512-z2EhuFCBokanVd5Dw9UCf3OQeKp1TkujM6pEOOru3/PBHmMnitz9mwO3SA1BhdVmrK77VeRTV8X6TeGU7EmyPg=="
    }
  },
  "dependencies": {
    "abrequire": {
      "version": "0.0.4",
      "resolved": "https://registry.npmjs.org/abrequire/-/abrequire-0.0.4.tgz",
      "integrity": "sha512-z2EhuFCBokanVd5Dw9UCf3OQeKp1TkujM6pEOOru3/PBHmMnitz9mwO3SA1BhdVmrK77VeRTV8X6TeGU7EmyPg=="
    }
  }
}
